
Microsoft Visual Studio Solution File, Format Version 12.00
# Visual Studio Version 16
VisualStudioVersion = 16.0.30517.126
MinimumVisualStudioVersion = 10.0.40219.1
Project("{FAE04EC0-301F-11D3-BF4B-00C04F79EFBC}") = "Clase_DPS1", "Clase_DPS1\Clase_DPS1.csproj", "{6E4DDCD3-CE36-4316-9C5D-FF308922A6E2}"
EndProject
Global
	GlobalSection(SolutionConfigurationPlatforms) = preSolution
		Debug|Any CPU = Debug|Any CPU
		Release|Any CPU = Release|Any CPU
	EndGlobalSection
	GlobalSection(ProjectConfigurationPlatforms) = postSolution
		{6E4DDCD3-CE36-4316-9C5D-FF308922A6E2}.Debug|Any CPU.ActiveCfg = Debug|Any CPU
		{6E4DDCD3-CE36-4316-9C5D-FF308922A6E2}.Debug|Any CPU.Build.0 = Debug|Any CPU
		{6E4DDCD3-CE36-4316-9C5D-FF308922A6E2}.Release|Any CPU.ActiveCfg = Release|Any CPU
		{6E4DDCD3-CE36-4316-9C5D-FF308922A6E2}.Release|Any CPU.Build.0 = Release|Any CPU
	EndGlobalSection
	GlobalSection(SolutionProperties) = preSolution
		HideSolutionNode = FALSE
	EndGlobalSection
	GlobalSection(ExtensibilityGlobals) = postSolution
		SolutionGuid = {6A26C070-58C1-4E62-90EC-CDD6F0D74B0C}
	EndGlobalSection
EndGlobal
